
Microsoft Visual Studio Solution File, Format Version 12.00
# Visual Studio Version 16
VisualStudioVersion = 16.0.31702.278
MinimumVisualStudioVersion = 10.0.40219.1
Project("{9A19103F-16F7-4668-BE54-9A1E7A4F7556}") = "CompanyOne.API", "CompanyOne.API\CompanyOne.API.csproj", "{E471B946-2E29-4D39-A41B-1DE1407BCB49}"
EndProject
Project("{9A19103F-16F7-4668-BE54-9A1E7A4F7556}") = "BestDeal.API", "BestDeal.API\BestDeal.API.csproj", "{581CAFE5-135A-41D1-8BD8-8D7E9269AA6A}"
EndProject
Project("{9A19103F-16F7-4668-BE54-9A1E7A4F7556}") = "BestDeal.Services", "BestDeal.Services\BestDeal.Services.csproj", "{F5608CF0-4AEE-4A22-952B-8BD822C49772}"
EndProject
Project("{9A19103F-16F7-4668-BE54-9A1E7A4F7556}") = "BestDeal.Proxy", "BestDeal.Proxy\BestDeal.Proxy.csproj", "{792D92E3-60F7-4951-8C57-132B4F2A30A6}"
EndProject
Project("{2150E333-8FDC-42A3-9474-1A3956D46DE8}") = "WebApis", "WebApis", "{161707FA-2E0D-46C1-A96D-36C65C177A20}"
EndProject
Project("{2150E333-8FDC-42A3-9474-1A3956D46DE8}") = "Middleware", "Middleware", "{AADFF624-76D3-44B4-94F6-4DDC4F650093}"
EndProject
Project("{9A19103F-16F7-4668-BE54-9A1E7A4F7556}") = "BestDeal.Core", "BestDeal.Core\BestDeal.Core.csproj", "{8F8867E6-A8E1-4540-94F3-58CD6DCC0A22}"
EndProject
Project("{FAE04EC0-301F-11D3-BF4B-00C04F79EFBC}") = "CompanyTwo.API", "CompanyTwo.API\CompanyTwo.API.csproj", "{3CD6957E-4F43-41EA-82A8-EBCEEF983129}"
EndProject
Project("{FAE04EC0-301F-11D3-BF4B-00C04F79EFBC}") = "XMLCompany.API", "XMLCompany.API\XMLCompany.API.csproj", "{E2545087-9BEE-46A7-9500-92E32CD56C28}"
EndProject
Project("{FAE04EC0-301F-11D3-BF4B-00C04F79EFBC}") = "BestDeal.Tests", "BestDeal.Tests\BestDeal.Tests.csproj", "{63316A3E-970E-4FB4-AD9D-DE58E325F280}"
EndProject
Global
	GlobalSection(SolutionConfigurationPlatforms) = preSolution
		Debug|Any CPU = Debug|Any CPU
		Release|Any CPU = Release|Any CPU
	EndGlobalSection
	GlobalSection(ProjectConfigurationPlatforms) = postSolution
		{E471B946-2E29-4D39-A41B-1DE1407BCB49}.Debug|Any CPU.ActiveCfg = Debug|Any CPU
		{E471B946-2E29-4D39-A41B-1DE1407BCB49}.Debug|Any CPU.Build.0 = Debug|Any CPU
		{E471B946-2E29-4D39-A41B-1DE1407BCB49}.Release|Any CPU.ActiveCfg = Release|Any CPU
		{E471B946-2E29-4D39-A41B-1DE1407BCB49}.Release|Any CPU.Build.0 = Release|Any CPU
		{581CAFE5-135A-41D1-8BD8-8D7E9269AA6A}.Debug|Any CPU.ActiveCfg = Debug|Any CPU
		{581CAFE5-135A-41D1-8BD8-8D7E9269AA6A}.Debug|Any CPU.Build.0 = Debug|Any CPU
		{581CAFE5-135A-41D1-8BD8-8D7E9269AA6A}.Release|Any CPU.ActiveCfg = Release|Any CPU
		{581CAFE5-135A-41D1-8BD8-8D7E9269AA6A}.Release|Any CPU.Build.0 = Release|Any CPU
		{F5608CF0-4AEE-4A22-952B-8BD822C49772}.Debug|Any CPU.ActiveCfg = Debug|Any CPU
		{F5608CF0-4AEE-4A22-952B-8BD822C49772}.Debug|Any CPU.Build.0 = Debug|Any CPU
		{F5608CF0-4AEE-4A22-952B-8BD822C49772}.Release|Any CPU.ActiveCfg = Release|Any CPU
		{F5608CF0-4AEE-4A22-952B-8BD822C49772}.Release|Any CPU.Build.0 = Release|Any CPU
		{792D92E3-60F7-4951-8C57-132B4F2A30A6}.Debug|Any CPU.ActiveCfg = Debug|Any CPU
		{792D92E3-60F7-4951-8C57-132B4F2A30A6}.Debug|Any CPU.Build.0 = Debug|Any CPU
		{792D92E3-60F7-4951-8C57-132B4F2A30A6}.Release|Any CPU.ActiveCfg = Release|Any CPU
		{792D92E3-60F7-4951-8C57-132B4F2A30A6}.Release|Any CPU.Build.0 = Release|Any CPU
		{8F8867E6-A8E1-4540-94F3-58CD6DCC0A22}.Debug|Any CPU.ActiveCfg = Debug|Any CPU
		{8F8867E6-A8E1-4540-94F3-58CD6DCC0A22}.Debug|Any CPU.Build.0 = Debug|Any CPU
		{8F8867E6-A8E1-4540-94F3-58CD6DCC0A22}.Release|Any CPU.ActiveCfg = Release|Any CPU
		{8F8867E6-A8E1-4540-94F3-58CD6DCC0A22}.Release|Any CPU.Build.0 = Release|Any CPU
		{3CD6957E-4F43-41EA-82A8-EBCEEF983129}.Debug|Any CPU.ActiveCfg = Debug|Any CPU
		{3CD6957E-4F43-41EA-82A8-EBCEEF983129}.Debug|Any CPU.Build.0 = Debug|Any CPU
		{3CD6957E-4F43-41EA-82A8-EBCEEF983129}.Release|Any CPU.ActiveCfg = Release|Any CPU
		{3CD6957E-4F43-41EA-82A8-EBCEEF983129}.Release|Any CPU.Build.0 = Release|Any CPU
		{E2545087-9BEE-46A7-9500-92E32CD56C28}.Debug|Any CPU.ActiveCfg = Debug|Any CPU
		{E2545087-9BEE-46A7-9500-92E32CD56C28}.Debug|Any CPU.Build.0 = Debug|Any CPU
		{E2545087-9BEE-46A7-9500-92E32CD56C28}.Release|Any CPU.ActiveCfg = Release|Any CPU
		{E2545087-9BEE-46A7-9500-92E32CD56C28}.Release|Any CPU.Build.0 = Release|Any CPU
		{63316A3E-970E-4FB4-AD9D-DE58E325F280}.Debug|Any CPU.ActiveCfg = Debug|Any CPU
		{63316A3E-970E-4FB4-AD9D-DE58E325F280}.Debug|Any CPU.Build.0 = Debug|Any CPU
		{63316A3E-970E-4FB4-AD9D-DE58E325F280}.Release|Any CPU.ActiveCfg = Release|Any CPU
		{63316A3E-970E-4FB4-AD9D-DE58E325F280}.Release|Any CPU.Build.0 = Release|Any CPU
	EndGlobalSection
	GlobalSection(SolutionProperties) = preSolution
		HideSolutionNode = FALSE
	EndGlobalSection
	GlobalSection(NestedProjects) = preSolution
		{E471B946-2E29-4D39-A41B-1DE1407BCB49} = {161707FA-2E0D-46C1-A96D-36C65C177A20}
		{581CAFE5-135A-41D1-8BD8-8D7E9269AA6A} = {AADFF624-76D3-44B4-94F6-4DDC4F650093}
		{F5608CF0-4AEE-4A22-952B-8BD822C49772} = {AADFF624-76D3-44B4-94F6-4DDC4F650093}
		{792D92E3-60F7-4951-8C57-132B4F2A30A6} = {AADFF624-76D3-44B4-94F6-4DDC4F650093}
		{8F8867E6-A8E1-4540-94F3-58CD6DCC0A22} = {AADFF624-76D3-44B4-94F6-4DDC4F650093}
		{3CD6957E-4F43-41EA-82A8-EBCEEF983129} = {161707FA-2E0D-46C1-A96D-36C65C177A20}
		{E2545087-9BEE-46A7-9500-92E32CD56C28} = {161707FA-2E0D-46C1-A96D-36C65C177A20}
		{63316A3E-970E-4FB4-AD9D-DE58E325F280} = {AADFF624-76D3-44B4-94F6-4DDC4F650093}
	EndGlobalSection
	GlobalSection(ExtensibilityGlobals) = postSolution
		SolutionGuid = {90BA7450-5507-45E0-A67C-7CB78CC97F2B}
	EndGlobalSection
EndGlobal
